// !$*UTF8*$!
{
	archiveVersion = 1;
	classes = {
	};
	objectVersion = 46;
	objects = {

/* Begin PBXBuildFile section */
		013639191C5E820800E8E52A /* AppDelegate.swift in Sources */ = {isa = PBXBuildFile; fileRef = 013639181C5E820800E8E52A /* AppDelegate.swift */; };
		0136391B1C5E820800E8E52A /* ViewController.swift in Sources */ = {isa = PBXBuildFile; fileRef = 0136391A1C5E820800E8E52A /* ViewController.swift */; };
		0136391E1C5E820800E8E52A /* Main.storyboard in Resources */ = {isa = PBXBuildFile; fileRef = 0136391C1C5E820800E8E52A /* Main.storyboard */; };
		013639201C5E820800E8E52A /* Assets.xcassets in Resources */ = {isa = PBXBuildFile; fileRef = 0136391F1C5E820800E8E52A /* Assets.xcassets */; };
		013639231C5E820800E8E52A /* LaunchScreen.storyboard in Resources */ = {isa = PBXBuildFile; fileRef = 013639211C5E820800E8E52A /* LaunchScreen.storyboard */; };
		0136392E1C5E820800E8E52A /* pruebaGitTests.swift in Sources */ = {isa = PBXBuildFile; fileRef = 0136392D1C5E820800E8E52A /* pruebaGitTests.swift */; };
		013639391C5E820800E8E52A /* pruebaGitUITests.swift in Sources */ = {isa = PBXBuildFile; fileRef = 013639381C5E820800E8E52A /* pruebaGitUITests.swift */; };
/* End PBXBuildFile section */

/* Begin PBXContainerItemProxy section */
		0136392A1C5E820800E8E52A /* PBXContainerItemProxy */ = {
			isa = PBXContainerItemProxy;
			containerPortal = 0136390D1C5E820800E8E52A /* Project object */;
			proxyType = 1;
			remoteGlobalIDString = 013639141C5E820800E8E52A;
			remoteInfo = pruebaGit;
		};
		013639351C5E820800E8E52A /* PBXContainerItemProxy */ = {
			isa = PBXContainerItemProxy;
			containerPortal = 0136390D1C5E820800E8E52A /* Project object */;
			proxyType = 1;
			remoteGlobalIDString = 013639141C5E820800E8E52A;
			remoteInfo = pruebaGit;
		};
/* End PBXContainerItemProxy section */

/* Begin PBXFileReference section */
		013639151C5E820800E8E52A /* pruebaGit.app */ = {isa = PBXFileReference; explicitFileType = wrapper.application; includeInIndex = 0; path = pruebaGit.app; sourceTree = BUILT_PRODUCTS_DIR; };
		013639181C5E820800E8E52A /* AppDelegate.swift */ = {isa = PBXFileReference; lastKnownFileType = sourcecode.swift; path = AppDelegate.swift; sourceTree = "<group>"; };
		0136391A1C5E820800E8E52A /* ViewController.swift */ = {isa = PBXFileReference; lastKnownFileType = sourcecode.swift; path = ViewController.swift; sourceTree = "<group>"; };
		0136391D1C5E820800E8E52A /* Base */ = {isa = PBXFileReference; lastKnownFileType = file.storyboard; name = Base; path = Base.lproj/Main.storyboard; sourceTree = "<group>"; };
		0136391F1C5E820800E8E52A /* Assets.xcassets */ = {isa = PBXFileReference; lastKnownFileType = folder.assetcatalog; path = Assets.xcassets; sourceTree = "<group>"; };
		013639221C5E820800E8E52A /* Base */ = {isa = PBXFileReference; lastKnownFileType = file.storyboard; name = Base; path = Base.lproj/LaunchScreen.storyboard; sourceTree = "<group>"; };
		013639241C5E820800E8E52A /* Info.plist */ = {isa = PBXFileReference; lastKnownFileType = text.plist.xml; path = Info.plist; sourceTree = "<group>"; };
		013639291C5E820800E8E52A /* pruebaGitTests.xctest */ = {isa = PBXFileReference; explicitFileType = wrapper.cfbundle; includeInIndex = 0; path = pruebaGitTests.xctest; sourceTree = BUILT_PRODUCTS_DIR; };
		0136392D1C5E820800E8E52A /* pruebaGitTests.swift */ = {isa = PBXFileReference; lastKnownFileType = sourcecode.swift; path = pruebaGitTests.swift; sourceTree = "<group>"; };
		0136392F1C5E820800E8E52A /* Info.plist */ = {isa = PBXFileReference; lastKnownFileType = text.plist.xml; path = Info.plist; sourceTree = "<group>"; };
		013639341C5E820800E8E52A /* pruebaGitUITests.xctest */ = {isa = PBXFileReference; explicitFileType = wrapper.cfbundle; includeInIndex = 0; path = pruebaGitUITests.xctest; sourceTree = BUILT_PRODUCTS_DIR; };
		013639381C5E820800E8E52A /* pruebaGitUITests.swift */ = {isa = PBXFileReference; lastKnownFileType = sourcecode.swift; path = pruebaGitUITests.swift; sourceTree = "<group>"; };
		0136393A1C5E820800E8E52A /* Info.plist */ = {isa = PBXFileReference; lastKnownFileType = text.plist.xml; path = Info.plist; sourceTree = "<group>"; };
/* End PBXFileReference section */

/* Begin PBXFrameworksBuildPhase section */
		013639121C5E820800E8E52A /* Frameworks */ = {
			isa = PBXFrameworksBuildPhase;
			buildActionMask = 2147483647;
			files = (
			);
			runOnlyForDeploymentPostprocessing = 0;
		};
		013639261C5E820800E8E52A /* Frameworks */ = {
			isa = PBXFrameworksBuildPhase;
			buildActionMask = 2147483647;
			files = (
			);
			runOnlyForDeploymentPostprocessing = 0;
		};
		013639311C5E820800E8E52A /* Frameworks */ = {
			isa = PBXFrameworksBuildPhase;
			buildActionMask = 2147483647;
			files = (
			);
			runOnlyForDeploymentPostprocessing = 0;
		};
/* End PBXFrameworksBuildPhase section */

/* Begin PBXGroup section */
		0136390C1C5E820800E8E52A = {
			isa = PBXGroup;
			children = (
				013639171C5E820800E8E52A /* pruebaGit */,
				0136392C1C5E820800E8E52A /* pruebaGitTests */,
				013639371C5E820800E8E52A /* pruebaGitUITests */,
				013639161C5E820800E8E52A /* Products */,
			);
			sourceTree = "<group>";
		};
		013639161C5E820800E8E52A /* Products */ = {
			isa = PBXGroup;
			children = (
				013639151C5E820800E8E52A /* pruebaGit.app */,
				013639291C5E820800E8E52A /* pruebaGitTests.xctest */,
				013639341C5E820800E8E52A /* pruebaGitUITests.xctest */,
			);
			name = Products;
			sourceTree = "<group>";
		};
		013639171C5E820800E8E52A /* pruebaGit */ = {
			isa = PBXGroup;
			children = (
				013639181C5E820800E8E52A /* AppDelegate.swift */,
				0136391A1C5E820800E8E52A /* ViewController.swift */,
				0136391C1C5E820800E8E52A /* Main.storyboard */,
				0136391F1C5E820800E8E52A /* Assets.xcassets */,
				013639211C5E820800E8E52A /* LaunchScreen.storyboard */,
				013639241C5E820800E8E52A /* Info.plist */,
			);
			path = pruebaGit;
			sourceTree = "<group>";
		};
		0136392C1C5E820800E8E52A /* pruebaGitTests */ = {
			isa = PBXGroup;
			children = (
				0136392D1C5E820800E8E52A /* pruebaGitTests.swift */,
				0136392F1C5E820800E8E52A /* Info.plist */,
			);
			path = pruebaGitTests;
			sourceTree = "<group>";
		};
		013639371C5E820800E8E52A /* pruebaGitUITests */ = {
			isa = PBXGroup;
			children = (
				013639381C5E820800E8E52A /* pruebaGitUITests.swift */,
				0136393A1C5E820800E8E52A /* Info.plist */,
			);
			path = pruebaGitUITests;
			sourceTree = "<group>";
		};
/* End PBXGroup section */

/* Begin PBXNativeTarget section */
		013639141C5E820800E8E52A /* pruebaGit */ = {
			isa = PBXNativeTarget;
			buildConfigurationList = 0136393D1C5E820800E8E52A /* Build configuration list for PBXNativeTarget "pruebaGit" */;
			buildPhases = (
				013639111C5E820800E8E52A /* Sources */,
				013639121C5E820800E8E52A /* Frameworks */,
				013639131C5E820800E8E52A /* Resources */,
			);
			buildRules = (
			);
			dependencies = (
			);
			name = pruebaGit;
			productName = pruebaGit;
			productReference = 013639151C5E820800E8E52A /* pruebaGit.app */;
			productType = "com.apple.product-type.application";
		};
		013639281C5E820800E8E52A /* pruebaGitTests */ = {
			isa = PBXNativeTarget;
			buildConfigurationList = 013639401C5E820800E8E52A /* Build configuration list for PBXNativeTarget "pruebaGitTests" */;
			buildPhases = (
				013639251C5E820800E8E52A /* Sources */,
				013639261C5E820800E8E52A /* Frameworks */,
				013639271C5E820800E8E52A /* Resources */,
			);
			buildRules = (
			);
			dependencies = (
				0136392B1C5E820800E8E52A /* PBXTargetDependency */,
			);
			name = pruebaGitTests;
			productName = pruebaGitTests;
			productReference = 013639291C5E820800E8E52A /* pruebaGitTests.xctest */;
			productType = "com.apple.product-type.bundle.unit-test";
		};
		013639331C5E820800E8E52A /* pruebaGitUITests */ = {
			isa = PBXNativeTarget;
			buildConfigurationList = 013639431C5E820800E8E52A /* Build configuration list for PBXNativeTarget "pruebaGitUITests" */;
			buildPhases = (
				013639301C5E820800E8E52A /* Sources */,
				013639311C5E820800E8E52A /* Frameworks */,
				013639321C5E820800E8E52A /* Resources */,
			);
			buildRules = (
			);
			dependencies = (
				013639361C5E820800E8E52A /* PBXTargetDependency */,
			);
			name = pruebaGitUITests;
			productName = pruebaGitUITests;
			productReference = 013639341C5E820800E8E52A /* pruebaGitUITests.xctest */;
			productType = "com.apple.product-type.bundle.ui-testing";
		};
/* End PBXNativeTarget section */

/* Begin PBXProject section */
		0136390D1C5E820800E8E52A /* Project object */ = {
			isa = PBXProject;
			attributes = {
				LastSwiftUpdateCheck = 0720;
				LastUpgradeCheck = 0720;
				ORGANIZATIONNAME = ingzamora;
				TargetAttributes = {
					013639141C5E820800E8E52A = {
						CreatedOnToolsVersion = 7.2;
					};
					013639281C5E820800E8E52A = {
						CreatedOnToolsVersion = 7.2;
						TestTargetID = 013639141C5E820800E8E52A;
					};
					013639331C5E820800E8E52A = {
						CreatedOnToolsVersion = 7.2;
						TestTargetID = 013639141C5E820800E8E52A;
					};
				};
			};
			buildConfigurationList = 013639101C5E820800E8E52A /* Build configuration list for PBXProject "pruebaGit" */;
			compatibilityVersion = "Xcode 3.2";
			developmentRegion = English;
			hasScannedForEncodings = 0;
			knownRegions = (
				en,
				Base,
			);
			mainGroup = 0136390C1C5E820800E8E52A;
			productRefGroup = 013639161C5E820800E8E52A /* Products */;
			projectDirPath = "";
			projectRoot = "";
			targets = (
				013639141C5E820800E8E52A /* pruebaGit */,
				013639281C5E820800E8E52A /* pruebaGitTests */,
				013639331C5E820800E8E52A /* pruebaGitUITests */,
			);
		};
/* End PBXProject section */

/* Begin PBXResourcesBuildPhase section */
		013639131C5E820800E8E52A /* Resources */ = {
			isa = PBXResourcesBuildPhase;
			buildActionMask = 2147483647;
			files = (
				013639231C5E820800E8E52A /* LaunchScreen.storyboard in Resources */,
				013639201C5E820800E8E52A /* Assets.xcassets in Resources */,
				0136391E1C5E820800E8E52A /* Main.storyboard in Resources */,
			);
			runOnlyForDeploymentPostprocessing = 0;
		};
		013639271C5E820800E8E52A /* Resources */ = {
			isa = PBXResourcesBuildPhase;
			buildActionMask = 2147483647;
			files = (
			);
			runOnlyForDeploymentPostprocessing = 0;
		};
		013639321C5E820800E8E52A /* Resources */ = {
			isa = PBXResourcesBuildPhase;
			buildActionMask = 2147483647;
			files = (
			);
			runOnlyForDeploymentPostprocessing = 0;
		};
/* End PBXResourcesBuildPhase section */

/* Begin PBXSourcesBuildPhase section */
		013639111C5E820800E8E52A /* Sources */ = {
			isa = PBXSourcesBuildPhase;
			buildActionMask = 2147483647;
			files = (
				0136391B1C5E820800E8E52A /* ViewController.swift in Sources */,
				013639191C5E820800E8E52A /* AppDelegate.swift in Sources */,
			);
			runOnlyForDeploymentPostprocessing = 0;
		};
		013639251C5E820800E8E52A /* Sources */ = {
			isa = PBXSourcesBuildPhase;
			buildActionMask = 2147483647;
			files = (
				0136392E1C5E820800E8E52A /* pruebaGitTests.swift in Sources */,
			);
			runOnlyForDeploymentPostprocessing = 0;
		};
		013639301C5E820800E8E52A /* Sources */ = {
			isa = PBXSourcesBuildPhase;
			buildActionMask = 2147483647;
			files = (
				013639391C5E820800E8E52A /* pruebaGitUITests.swift in Sources */,
			);
			runOnlyForDeploymentPostprocessing = 0;
		};
/* End PBXSourcesBuildPhase section */

/* Begin PBXTargetDependency section */
		0136392B1C5E820800E8E52A /* PBXTargetDependency */ = {
			isa = PBXTargetDependency;
			target = 013639141C5E820800E8E52A /* pruebaGit */;
			targetProxy = 0136392A1C5E820800E8E52A /* PBXContainerItemProxy */;
		};
		013639361C5E820800E8E52A /* PBXTargetDependency */ = {
			isa = PBXTargetDependency;
			target = 013639141C5E820800E8E52A /* pruebaGit */;
			targetProxy = 013639351C5E820800E8E52A /* PBXContainerItemProxy */;
		};
/* End PBXTargetDependency section */

/* Begin PBXVariantGroup section */
		0136391C1C5E820800E8E52A /* Main.storyboard */ = {
			isa = PBXVariantGroup;
			children = (
				0136391D1C5E820800E8E52A /* Base */,
			);
			name = Main.storyboard;
			sourceTree = "<group>";
		};
		013639211C5E820800E8E52A /* LaunchScreen.storyboard */ = {
			isa = PBXVariantGroup;
			children = (
				013639221C5E820800E8E52A /* Base */,
			);
			name = LaunchScreen.storyboard;
			sourceTree = "<group>";
		};
/* End PBXVariantGroup section */

/* Begin XCBuildConfiguration section */
		0136393B1C5E820800E8E52A /* Debug */ = {
			isa = XCBuildConfiguration;
			buildSettings = {
				ALWAYS_SEARCH_USER_PATHS = NO;
				CLANG_CXX_LANGUAGE_STANDARD = "gnu++0x";
				CLANG_CXX_LIBRARY = "libc++";
				CLANG_ENABLE_MODULES = YES;
				CLANG_ENABLE_OBJC_ARC = YES;
				CLANG_WARN_BOOL_CONVERSION = YES;
				CLANG_WARN_CONSTANT_CONVERSION = YES;
				CLANG_WARN_DIRECT_OBJC_ISA_USAGE = YES_ERROR;
				CLANG_WARN_EMPTY_BODY = YES;
				CLANG_WARN_ENUM_CONVERSION = YES;
				CLANG_WARN_INT_CONVERSION = YES;
				CLANG_WARN_OBJC_ROOT_CLASS = YES_ERROR;
				CLANG_WARN_UNREACHABLE_CODE = YES;
				CLANG_WARN__DUPLICATE_METHOD_MATCH = YES;
				"CODE_SIGN_IDENTITY[sdk=iphoneos*]" = "iPhone Developer";
				COPY_PHASE_STRIP = NO;
				DEBUG_INFORMATION_FORMAT = dwarf;
				ENABLE_STRICT_OBJC_MSGSEND = YES;
				ENABLE_TESTABILITY = YES;
				GCC_C_LANGUAGE_STANDARD = gnu99;
				GCC_DYNAMIC_NO_PIC = NO;
				GCC_NO_COMMON_BLOCKS = YES;
				GCC_OPTIMIZATION_LEVEL = 0;
				GCC_PREPROCESSOR_DEFINITIONS = (
					"DEBUG=1",
					"$(inherited)",
				);
				GCC_WARN_64_TO_32_BIT_CONVERSION = YES;
				GCC_WARN_ABOUT_RETURN_TYPE = YES_ERROR;
				GCC_WARN_UNDECLARED_SELECTOR = YES;
				GCC_WARN_UNINITIALIZED_AUTOS = YES_AGGRESSIVE;
				GCC_WARN_UNUSED_FUNCTION = YES;
				GCC_WARN_UNUSED_VARIABLE = YES;
				IPHONEOS_DEPLOYMENT_TARGET = 9.2;
				MTL_ENABLE_DEBUG_INFO = YES;
				ONLY_ACTIVE_ARCH = YES;
				SDKROOT = iphoneos;
				SWIFT_OPTIMIZATION_LEVEL = "-Onone";
			};
			name = Debug;
		};
		0136393C1C5E820800E8E52A /* Release */ = {
			isa = XCBuildConfiguration;
			buildSettings = {
				ALWAYS_SEARCH_USER_PATHS = NO;
				CLANG_CXX_LANGUAGE_STANDARD = "gnu++0x";
				CLANG_CXX_LIBRARY = "libc++";
				CLANG_ENABLE_MODULES = YES;
				CLANG_ENABLE_OBJC_ARC = YES;
				CLANG_WARN_BOOL_CONVERSION = YES;
				CLANG_WARN_CONSTANT_CONVERSION = YES;
				CLANG_WARN_DIRECT_OBJC_ISA_USAGE = YES_ERROR;
				CLANG_WARN_EMPTY_BODY = YES;
				CLANG_WARN_ENUM_CONVERSION = YES;
				CLANG_WARN_INT_CONVERSION = YES;
				CLANG_WARN_OBJC_ROOT_CLASS = YES_ERROR;
				CLANG_WARN_UNREACHABLE_CODE = YES;
				CLANG_WARN__DUPLICATE_METHOD_MATCH = YES;
				"CODE_SIGN_IDENTITY[sdk=iphoneos*]" = "iPhone Developer";
				COPY_PHASE_STRIP = NO;
				DEBUG_INFORMATION_FORMAT = "dwarf-with-dsym";
				ENABLE_NS_ASSERTIONS = NO;
				ENABLE_STRICT_OBJC_MSGSEND = YES;
				GCC_C_LANGUAGE_STANDARD = gnu99;
				GCC_NO_COMMON_BLOCKS = YES;
				GCC_WARN_64_TO_32_BIT_CONVERSION = YES;
				GCC_WARN_ABOUT_RETURN_TYPE = YES_ERROR;
				GCC_WARN_UNDECLARED_SELECTOR = YES;
				GCC_WARN_UNINITIALIZED_AUTOS = YES_AGGRESSIVE;
				GCC_WARN_UNUSED_FUNCTION = YES;
				GCC_WARN_UNUSED_VARIABLE = YES;
				IPHONEOS_DEPLOYMENT_TARGET = 9.2;
				MTL_ENABLE_DEBUG_INFO = NO;
				SDKROOT = iphoneos;
				VALIDATE_PRODUCT = YES;
			};
			name = Release;
		};
		0136393E1C5E820800E8E52A /* Debug */ = {
			isa = XCBuildConfiguration;
			buildSettings = {
				ASSETCATALOG_COMPILER_APPICON_NAME = AppIcon;
				INFOPLIST_FILE = pruebaGit/Info.plist;
				LD_RUNPATH_SEARCH_PATHS = "$(inherited) @executable_path/Frameworks";
				PRODUCT_BUNDLE_IDENTIFIER = softkab.pruebaGit;
				PRODUCT_NAME = "$(TARGET_NAME)";
			};
			name = Debug;
		};
		0136393F1C5E820800E8E52A /* Release */ = {
			isa = XCBuildConfiguration;
			buildSettings = {
				ASSETCATALOG_COMPILER_APPICON_NAME = AppIcon;
				INFOPLIST_FILE = pruebaGit/Info.plist;
				LD_RUNPATH_SEARCH_PATHS = "$(inherited) @executable_path/Frameworks";
				PRODUCT_BUNDLE_IDENTIFIER = softkab.pruebaGit;
				PRODUCT_NAME = "$(TARGET_NAME)";
			};
			name = Release;
		};
		013639411C5E820800E8E52A /* Debug */ = {
			isa = XCBuildConfiguration;
			buildSettings = {
				BUNDLE_LOADER = "$(TEST_HOST)";
				INFOPLIST_FILE = pruebaGitTests/Info.plist;
				LD_RUNPATH_SEARCH_PATHS = "$(inherited) @executable_path/Frameworks @loader_path/Frameworks";
				PRODUCT_BUNDLE_IDENTIFIER = softkab.pruebaGitTests;
				PRODUCT_NAME = "$(TARGET_NAME)";
				TEST_HOST = "$(BUILT_PRODUCTS_DIR)/pruebaGit.app/pruebaGit";
			};
			name = Debug;
		};
		013639421C5E820800E8E52A /* Release */ = {
			isa = XCBuildConfiguration;
			buildSettings = {
				BUNDLE_LOADER = "$(TEST_HOST)";
				INFOPLIST_FILE = pruebaGitTests/Info.plist;
				LD_RUNPATH_SEARCH_PATHS = "$(inherited) @executable_path/Frameworks @loader_path/Frameworks";
				PRODUCT_BUNDLE_IDENTIFIER = softkab.pruebaGitTests;
				PRODUCT_NAME = "$(TARGET_NAME)";
				TEST_HOST = "$(BUILT_PRODUCTS_DIR)/pruebaGit.app/pruebaGit";
			};
			name = Release;
		};
		013639441C5E820800E8E52A /* Debug */ = {
			isa = XCBuildConfiguration;
			buildSettings = {
				INFOPLIST_FILE = pruebaGitUITests/Info.plist;
				LD_RUNPATH_SEARCH_PATHS = "$(inherited) @executable_path/Frameworks @loader_path/Frameworks";
				PRODUCT_BUNDLE_IDENTIFIER = softkab.pruebaGitUITests;
				PRODUCT_NAME = "$(TARGET_NAME)";
				TEST_TARGET_NAME = pruebaGit;
				USES_XCTRUNNER = YES;
			};
			name = Debug;
		};
		013639451C5E820800E8E52A /* Release */ = {
			isa = XCBuildConfiguration;
			buildSettings = {
				INFOPLIST_FILE = pruebaGitUITests/Info.plist;
				LD_RUNPATH_SEARCH_PATHS = "$(inherited) @executable_path/Frameworks @loader_path/Frameworks";
				PRODUCT_BUNDLE_IDENTIFIER = softkab.pruebaGitUITests;
				PRODUCT_NAME = "$(TARGET_NAME)";
				TEST_TARGET_NAME = pruebaGit;
				USES_XCTRUNNER = YES;
			};
			name = Release;
		};
/* End XCBuildConfiguration section */

/* Begin XCConfigurationList section */
		013639101C5E820800E8E52A /* Build configuration list for PBXProject "pruebaGit" */ = {
			isa = XCConfigurationList;
			buildConfigurations = (
				0136393B1C5E820800E8E52A /* Debug */,
				0136393C1C5E820800E8E52A /* Release */,
			);
			defaultConfigurationIsVisible = 0;
			defaultConfigurationName = Release;
		};
		0136393D1C5E820800E8E52A /* Build configuration list for PBXNativeTarget "pruebaGit" */ = {
			isa = XCConfigurationList;
			buildConfigurations = (
				0136393E1C5E820800E8E52A /* Debug */,
				0136393F1C5E820800E8E52A /* Release */,
			);
			defaultConfigurationIsVisible = 0;
		};
		013639401C5E820800E8E52A /* Build configuration list for PBXNativeTarget "pruebaGitTests" */ = {
			isa = XCConfigurationList;
			buildConfigurations = (
				013639411C5E820800E8E52A /* Debug */,
				013639421C5E820800E8E52A /* Release */,
			);
			defaultConfigurationIsVisible = 0;
		};
		013639431C5E820800E8E52A /* Build configuration list for PBXNativeTarget "pruebaGitUITests" */ = {
			isa = XCConfigurationList;
			buildConfigurations = (
				013639441C5E820800E8E52A /* Debug */,
				013639451C5E820800E8E52A /* Release */,
			);
			defaultConfigurationIsVisible = 0;
		};
/* End XCConfigurationList section */
	};
	rootObject = 0136390D1C5E820800E8E52A /* Project object */;
}
